
Microsoft Visual Studio Solution File, Format Version 12.00
# Visual Studio Version 17
VisualStudioVersion = 17.7.34024.191
MinimumVisualStudioVersion = 10.0.40219.1
Project("{8BC9CEB8-8B4A-11D0-8D11-00A0C91BC942}") = "class choose", "class choose.vcxproj", "{299DFAC2-2427-41AF-8D75-C1B0C9AECA05}"
EndProject
Global
	GlobalSection(SolutionConfigurationPlatforms) = preSolution
		Debug|x64 = Debug|x64
		Debug|x86 = Debug|x86
		Release|x64 = Release|x64
		Release|x86 = Release|x86
	EndGlobalSection
	GlobalSection(ProjectConfigurationPlatforms) = postSolution
		{299DFAC2-2427-41AF-8D75-C1B0C9AECA05}.Debug|x64.ActiveCfg = Debug|x64
		{299DFAC2-2427-41AF-8D75-C1B0C9AECA05}.Debug|x64.Build.0 = Debug|x64
		{299DFAC2-2427-41AF-8D75-C1B0C9AECA05}.Debug|x86.ActiveCfg = Debug|Win32
		{299DFAC2-2427-41AF-8D75-C1B0C9AECA05}.Debug|x86.Build.0 = Debug|Win32
		{299DFAC2-2427-41AF-8D75-C1B0C9AECA05}.Release|x64.ActiveCfg = Release|x64
		{299DFAC2-2427-41AF-8D75-C1B0C9AECA05}.Release|x64.Build.0 = Release|x64
		{299DFAC2-2427-41AF-8D75-C1B0C9AECA05}.Release|x86.ActiveCfg = Release|Win32
		{299DFAC2-2427-41AF-8D75-C1B0C9AECA05}.Release|x86.Build.0 = Release|Win32
	EndGlobalSection
	GlobalSection(SolutionProperties) = preSolution
		HideSolutionNode = FALSE
	EndGlobalSection
	GlobalSection(ExtensibilityGlobals) = postSolution
		SolutionGuid = {32ACD85F-9355-43F6-9A4D-222DFC14A8A5}
	EndGlobalSection
EndGlobal
